// !$*UTF8*$!
{
	archiveVersion = 1;
	classes = {
	};
	objectVersion = 50;
	objects = {

/* Begin PBXBuildFile section */
		D10FC322E915AB57A7ED229F /* Pods_HearthstoneAssessmentApp.framework in Frameworks */ = {isa = PBXBuildFile; fileRef = 42BEBEFB900AB3C125F95076 /* Pods_HearthstoneAssessmentApp.framework */; };
		ED00EB48208601BB0049D705 /* Enum+Extensions.swift in Sources */ = {isa = PBXBuildFile; fileRef = ED00EB47208601BB0049D705 /* Enum+Extensions.swift */; };
		ED27400420832E64009739BE /* CardDetailViewController.swift in Sources */ = {isa = PBXBuildFile; fileRef = ED27400320832E64009739BE /* CardDetailViewController.swift */; };
		ED27400620832EA5009739BE /* CardDetailCollectionViewCell.swift in Sources */ = {isa = PBXBuildFile; fileRef = ED27400520832EA5009739BE /* CardDetailCollectionViewCell.swift */; };
		ED975F79207E499100D2C225 /* CardEntity+Extensions.swift in Sources */ = {isa = PBXBuildFile; fileRef = ED975F78207E499100D2C225 /* CardEntity+Extensions.swift */; };
		ED975F7C207E53E200D2C225 /* CardListInteractor.swift in Sources */ = {isa = PBXBuildFile; fileRef = ED975F7B207E53E200D2C225 /* CardListInteractor.swift */; };
		ED975F7F207E542800D2C225 /* BaseViewProtocol.swift in Sources */ = {isa = PBXBuildFile; fileRef = ED975F7E207E542800D2C225 /* BaseViewProtocol.swift */; };
		ED975F82207E56E900D2C225 /* CardService.swift in Sources */ = {isa = PBXBuildFile; fileRef = ED975F81207E56E900D2C225 /* CardService.swift */; };
		ED975F85207E600B00D2C225 /* CardListVC+Interactor.swift in Sources */ = {isa = PBXBuildFile; fileRef = ED975F84207E600B00D2C225 /* CardListVC+Interactor.swift */; };
		ED975F88207E603B00D2C225 /* UIViewController+Alerts.swift in Sources */ = {isa = PBXBuildFile; fileRef = ED975F87207E603B00D2C225 /* UIViewController+Alerts.swift */; };
		ED975F8B207E609F00D2C225 /* Localization.swift in Sources */ = {isa = PBXBuildFile; fileRef = ED975F8A207E609F00D2C225 /* Localization.swift */; };
		ED975F8F207E660200D2C225 /* CardCollectionViewCell.swift in Sources */ = {isa = PBXBuildFile; fileRef = ED975F8E207E660200D2C225 /* CardCollectionViewCell.swift */; };
		EDA70DE920838F040083D0D8 /* CardListInterator+Favourite.swift in Sources */ = {isa = PBXBuildFile; fileRef = EDA70DE820838F040083D0D8 /* CardListInterator+Favourite.swift */; };
		EDAB3B4B2085EF64000B1C05 /* CardFilterViewController.swift in Sources */ = {isa = PBXBuildFile; fileRef = EDAB3B4A2085EF64000B1C05 /* CardFilterViewController.swift */; };
		EDAB3B4E2085FD3D000B1C05 /* FilterTableViewCell.swift in Sources */ = {isa = PBXBuildFile; fileRef = EDAB3B4D2085FD3D000B1C05 /* FilterTableViewCell.swift */; };
		EDB9887C20863458002BF224 /* CardListVC+NoResults.swift in Sources */ = {isa = PBXBuildFile; fileRef = EDB9887B20863458002BF224 /* CardListVC+NoResults.swift */; };
		EDBA16B8207C9FF700F9541E /* AppDelegate.swift in Sources */ = {isa = PBXBuildFile; fileRef = EDBA16B7207C9FF700F9541E /* AppDelegate.swift */; };
		EDBA16BA207C9FF700F9541E /* CardListViewController.swift in Sources */ = {isa = PBXBuildFile; fileRef = EDBA16B9207C9FF700F9541E /* CardListViewController.swift */; };
		EDBA16BD207C9FF700F9541E /* Main.storyboard in Resources */ = {isa = PBXBuildFile; fileRef = EDBA16BB207C9FF700F9541E /* Main.storyboard */; };
		EDBA16BF207C9FF700F9541E /* Assets.xcassets in Resources */ = {isa = PBXBuildFile; fileRef = EDBA16BE207C9FF700F9541E /* Assets.xcassets */; };
		EDBA16C2207C9FF700F9541E /* LaunchScreen.storyboard in Resources */ = {isa = PBXBuildFile; fileRef = EDBA16C0207C9FF700F9541E /* LaunchScreen.storyboard */; };
		EDBF1A1B207CAC7B00AC5B2E /* CodableObjects.swift in Sources */ = {isa = PBXBuildFile; fileRef = EDBF1A1A207CAC7B00AC5B2E /* CodableObjects.swift */; };
		EDBF1A25207DDB6400AC5B2E /* DataProvider.swift in Sources */ = {isa = PBXBuildFile; fileRef = EDBF1A24207DDB6400AC5B2E /* DataProvider.swift */; };
		EDBF1A28207DDD2100AC5B2E /* cards.json in Resources */ = {isa = PBXBuildFile; fileRef = EDBF1A27207DDD2100AC5B2E /* cards.json */; };
		EDBF1A2B207E031900AC5B2E /* LoadDataManager.swift in Sources */ = {isa = PBXBuildFile; fileRef = EDBF1A2A207E031900AC5B2E /* LoadDataManager.swift */; };
		EDBF1A2E207E0B1700AC5B2E /* DataError.swift in Sources */ = {isa = PBXBuildFile; fileRef = EDBF1A2D207E0B1700AC5B2E /* DataError.swift */; };
		EDBF1A32207E17D500AC5B2E /* CodableHelper.swift in Sources */ = {isa = PBXBuildFile; fileRef = EDBF1A31207E17D500AC5B2E /* CodableHelper.swift */; };
		EDBF1A3C207E428F00AC5B2E /* CardEntity.swift in Sources */ = {isa = PBXBuildFile; fileRef = EDBF1A3B207E428F00AC5B2E /* CardEntity.swift */; };
		EDF05CBF207F84750012F3B2 /* RealmDataManager.swift in Sources */ = {isa = PBXBuildFile; fileRef = EDF05CBE207F84750012F3B2 /* RealmDataManager.swift */; };
		EDF7F2372084EE4300D6E737 /* UIView+IB.swift in Sources */ = {isa = PBXBuildFile; fileRef = EDF7F2362084EE4300D6E737 /* UIView+IB.swift */; };
		EDF7F239208504A700D6E737 /* HearthstoneTypes.swift in Sources */ = {isa = PBXBuildFile; fileRef = EDF7F238208504A700D6E737 /* HearthstoneTypes.swift */; };
		EDFDA6782083340800A07AF9 /* CardDetailViewController+Interactor.swift in Sources */ = {isa = PBXBuildFile; fileRef = EDFDA6772083340800A07AF9 /* CardDetailViewController+Interactor.swift */; };
/* End PBXBuildFile section */

/* Begin PBXFileReference section */
		258EEEA8381ECDBA00E9DA03 /* Pods-HearthstoneAssessmentAppTests.debug.xcconfig */ = {isa = PBXFileReference; includeInIndex = 1; lastKnownFileType = text.xcconfig; name = "Pods-HearthstoneAssessmentAppTests.debug.xcconfig"; path = "Pods/Target Support Files/Pods-HearthstoneAssessmentAppTests/Pods-HearthstoneAssessmentAppTests.debug.xcconfig"; sourceTree = "<group>"; };
		42BEBEFB900AB3C125F95076 /* Pods_HearthstoneAssessmentApp.framework */ = {isa = PBXFileReference; explicitFileType = wrapper.framework; includeInIndex = 0; path = Pods_HearthstoneAssessmentApp.framework; sourceTree = BUILT_PRODUCTS_DIR; };
		52F8F9F42AA9847412CB9BEA /* Pods-HeartstoneAssessmentAppTests.release.xcconfig */ = {isa = PBXFileReference; includeInIndex = 1; lastKnownFileType = text.xcconfig; name = "Pods-HeartstoneAssessmentAppTests.release.xcconfig"; path = "Pods/Target Support Files/Pods-HeartstoneAssessmentAppTests/Pods-HeartstoneAssessmentAppTests.release.xcconfig"; sourceTree = "<group>"; };
		6859016AE06F54F95E7F0AB6 /* Pods-HearthstoneAssessmentApp.debug.xcconfig */ = {isa = PBXFileReference; includeInIndex = 1; lastKnownFileType = text.xcconfig; name = "Pods-HearthstoneAssessmentApp.debug.xcconfig"; path = "Pods/Target Support Files/Pods-HearthstoneAssessmentApp/Pods-HearthstoneAssessmentApp.debug.xcconfig"; sourceTree = "<group>"; };
		7B81A58683C76B043BDFB40F /* Pods_HearthstoneAssessmentAppTests.framework */ = {isa = PBXFileReference; explicitFileType = wrapper.framework; includeInIndex = 0; path = Pods_HearthstoneAssessmentAppTests.framework; sourceTree = BUILT_PRODUCTS_DIR; };
		802A543821F1A757BC7E68F1 /* Pods-HearthstoneAssessmentApp.release.xcconfig */ = {isa = PBXFileReference; includeInIndex = 1; lastKnownFileType = text.xcconfig; name = "Pods-HearthstoneAssessmentApp.release.xcconfig"; path = "Pods/Target Support Files/Pods-HearthstoneAssessmentApp/Pods-HearthstoneAssessmentApp.release.xcconfig"; sourceTree = "<group>"; };
		80F214C80F57FBDCD438BB17 /* Pods-HeartstoneAssessmentApp.release.xcconfig */ = {isa = PBXFileReference; includeInIndex = 1; lastKnownFileType = text.xcconfig; name = "Pods-HeartstoneAssessmentApp.release.xcconfig"; path = "Pods/Target Support Files/Pods-HeartstoneAssessmentApp/Pods-HeartstoneAssessmentApp.release.xcconfig"; sourceTree = "<group>"; };
		927AB784784944600B8CCDC0 /* Pods-HearthstoneAssessmentAppTests.release.xcconfig */ = {isa = PBXFileReference; includeInIndex = 1; lastKnownFileType = text.xcconfig; name = "Pods-HearthstoneAssessmentAppTests.release.xcconfig"; path = "Pods/Target Support Files/Pods-HearthstoneAssessmentAppTests/Pods-HearthstoneAssessmentAppTests.release.xcconfig"; sourceTree = "<group>"; };
		DAB2AD1B41DB5E50E14C10B4 /* Pods-HeartstoneAssessmentApp.debug.xcconfig */ = {isa = PBXFileReference; includeInIndex = 1; lastKnownFileType = text.xcconfig; name = "Pods-HeartstoneAssessmentApp.debug.xcconfig"; path = "Pods/Target Support Files/Pods-HeartstoneAssessmentApp/Pods-HeartstoneAssessmentApp.debug.xcconfig"; sourceTree = "<group>"; };
		ED00EB47208601BB0049D705 /* Enum+Extensions.swift */ = {isa = PBXFileReference; lastKnownFileType = sourcecode.swift; path = "Enum+Extensions.swift"; sourceTree = "<group>"; };
		ED27400320832E64009739BE /* CardDetailViewController.swift */ = {isa = PBXFileReference; lastKnownFileType = sourcecode.swift; path = CardDetailViewController.swift; sourceTree = "<group>"; };
		ED27400520832EA5009739BE /* CardDetailCollectionViewCell.swift */ = {isa = PBXFileReference; lastKnownFileType = sourcecode.swift; path = CardDetailCollectionViewCell.swift; sourceTree = "<group>"; };
		ED975F78207E499100D2C225 /* CardEntity+Extensions.swift */ = {isa = PBXFileReference; lastKnownFileType = sourcecode.swift; path = "CardEntity+Extensions.swift"; sourceTree = "<group>"; };
		ED975F7B207E53E200D2C225 /* CardListInteractor.swift */ = {isa = PBXFileReference; lastKnownFileType = sourcecode.swift; path = CardListInteractor.swift; sourceTree = "<group>"; };
		ED975F7E207E542800D2C225 /* BaseViewProtocol.swift */ = {isa = PBXFileReference; lastKnownFileType = sourcecode.swift; path = BaseViewProtocol.swift; sourceTree = "<group>"; };
		ED975F81207E56E900D2C225 /* CardService.swift */ = {isa = PBXFileReference; lastKnownFileType = sourcecode.swift; path = CardService.swift; sourceTree = "<group>"; };
		ED975F84207E600B00D2C225 /* CardListVC+Interactor.swift */ = {isa = PBXFileReference; lastKnownFileType = sourcecode.swift; path = "CardListVC+Interactor.swift"; sourceTree = "<group>"; };
		ED975F87207E603B00D2C225 /* UIViewController+Alerts.swift */ = {isa = PBXFileReference; lastKnownFileType = sourcecode.swift; path = "UIViewController+Alerts.swift"; sourceTree = "<group>"; };
		ED975F8A207E609F00D2C225 /* Localization.swift */ = {isa = PBXFileReference; lastKnownFileType = sourcecode.swift; path = Localization.swift; sourceTree = "<group>"; };
		ED975F8E207E660200D2C225 /* CardCollectionViewCell.swift */ = {isa = PBXFileReference; lastKnownFileType = sourcecode.swift; path = CardCollectionViewCell.swift; sourceTree = "<group>"; };
		EDA70DE820838F040083D0D8 /* CardListInterator+Favourite.swift */ = {isa = PBXFileReference; lastKnownFileType = sourcecode.swift; path = "CardListInterator+Favourite.swift"; sourceTree = "<group>"; };
		EDAB3B4A2085EF64000B1C05 /* CardFilterViewController.swift */ = {isa = PBXFileReference; lastKnownFileType = sourcecode.swift; path = CardFilterViewController.swift; sourceTree = "<group>"; };
		EDAB3B4D2085FD3D000B1C05 /* FilterTableViewCell.swift */ = {isa = PBXFileReference; lastKnownFileType = sourcecode.swift; path = FilterTableViewCell.swift; sourceTree = "<group>"; };
		EDB9887B20863458002BF224 /* CardListVC+NoResults.swift */ = {isa = PBXFileReference; lastKnownFileType = sourcecode.swift; path = "CardListVC+NoResults.swift"; sourceTree = "<group>"; };
		EDBA16B4207C9FF700F9541E /* HearthstoneAssessmentApp.app */ = {isa = PBXFileReference; explicitFileType = wrapper.application; includeInIndex = 0; path = HearthstoneAssessmentApp.app; sourceTree = BUILT_PRODUCTS_DIR; };
		EDBA16B7207C9FF700F9541E /* AppDelegate.swift */ = {isa = PBXFileReference; lastKnownFileType = sourcecode.swift; path = AppDelegate.swift; sourceTree = "<group>"; };
		EDBA16B9207C9FF700F9541E /* CardListViewController.swift */ = {isa = PBXFileReference; lastKnownFileType = sourcecode.swift; path = CardListViewController.swift; sourceTree = "<group>"; };
		EDBA16BC207C9FF700F9541E /* Base */ = {isa = PBXFileReference; lastKnownFileType = file.storyboard; name = Base; path = Base.lproj/Main.storyboard; sourceTree = "<group>"; };
		EDBA16BE207C9FF700F9541E /* Assets.xcassets */ = {isa = PBXFileReference; lastKnownFileType = folder.assetcatalog; path = Assets.xcassets; sourceTree = "<group>"; };
		EDBA16C1207C9FF700F9541E /* Base */ = {isa = PBXFileReference; lastKnownFileType = file.storyboard; name = Base; path = Base.lproj/LaunchScreen.storyboard; sourceTree = "<group>"; };
		EDBA16C3207C9FF700F9541E /* Info.plist */ = {isa = PBXFileReference; lastKnownFileType = text.plist.xml; path = Info.plist; sourceTree = "<group>"; };
		EDBF1A1A207CAC7B00AC5B2E /* CodableObjects.swift */ = {isa = PBXFileReference; lastKnownFileType = sourcecode.swift; path = CodableObjects.swift; sourceTree = "<group>"; };
		EDBF1A24207DDB6400AC5B2E /* DataProvider.swift */ = {isa = PBXFileReference; lastKnownFileType = sourcecode.swift; path = DataProvider.swift; sourceTree = "<group>"; };
		EDBF1A27207DDD2100AC5B2E /* cards.json */ = {isa = PBXFileReference; fileEncoding = 4; lastKnownFileType = text.json; path = cards.json; sourceTree = "<group>"; };
		EDBF1A2A207E031900AC5B2E /* LoadDataManager.swift */ = {isa = PBXFileReference; lastKnownFileType = sourcecode.swift; path = LoadDataManager.swift; sourceTree = "<group>"; };
		EDBF1A2D207E0B1700AC5B2E /* DataError.swift */ = {isa = PBXFileReference; lastKnownFileType = sourcecode.swift; path = DataError.swift; sourceTree = "<group>"; };
		EDBF1A31207E17D500AC5B2E /* CodableHelper.swift */ = {isa = PBXFileReference; lastKnownFileType = sourcecode.swift; path = CodableHelper.swift; sourceTree = "<group>"; };
		EDBF1A3B207E428F00AC5B2E /* CardEntity.swift */ = {isa = PBXFileReference; lastKnownFileType = sourcecode.swift; path = CardEntity.swift; sourceTree = "<group>"; };
		EDF05CBE207F84750012F3B2 /* RealmDataManager.swift */ = {isa = PBXFileReference; lastKnownFileType = sourcecode.swift; path = RealmDataManager.swift; sourceTree = "<group>"; };
		EDF7F2362084EE4300D6E737 /* UIView+IB.swift */ = {isa = PBXFileReference; lastKnownFileType = sourcecode.swift; path = "UIView+IB.swift"; sourceTree = "<group>"; };
		EDF7F238208504A700D6E737 /* HearthstoneTypes.swift */ = {isa = PBXFileReference; lastKnownFileType = sourcecode.swift; path = HearthstoneTypes.swift; sourceTree = "<group>"; };
		EDFDA6772083340800A07AF9 /* CardDetailViewController+Interactor.swift */ = {isa = PBXFileReference; lastKnownFileType = sourcecode.swift; path = "CardDetailViewController+Interactor.swift"; sourceTree = "<group>"; };
		FF1938C4095759CA784149B4 /* Pods-HeartstoneAssessmentAppTests.debug.xcconfig */ = {isa = PBXFileReference; includeInIndex = 1; lastKnownFileType = text.xcconfig; name = "Pods-HeartstoneAssessmentAppTests.debug.xcconfig"; path = "Pods/Target Support Files/Pods-HeartstoneAssessmentAppTests/Pods-HeartstoneAssessmentAppTests.debug.xcconfig"; sourceTree = "<group>"; };
/* End PBXFileReference section */

/* Begin PBXFrameworksBuildPhase section */
		EDBA16B1207C9FF700F9541E /* Frameworks */ = {
			isa = PBXFrameworksBuildPhase;
			buildActionMask = 2147483647;
			files = (
				D10FC322E915AB57A7ED229F /* Pods_HearthstoneAssessmentApp.framework in Frameworks */,
			);
			runOnlyForDeploymentPostprocessing = 0;
		};
/* End PBXFrameworksBuildPhase section */

/* Begin PBXGroup section */
		4CEEF222DAED8E47992EF9F3 /* Pods */ = {
			isa = PBXGroup;
			children = (
				DAB2AD1B41DB5E50E14C10B4 /* Pods-HeartstoneAssessmentApp.debug.xcconfig */,
				80F214C80F57FBDCD438BB17 /* Pods-HeartstoneAssessmentApp.release.xcconfig */,
				FF1938C4095759CA784149B4 /* Pods-HeartstoneAssessmentAppTests.debug.xcconfig */,
				52F8F9F42AA9847412CB9BEA /* Pods-HeartstoneAssessmentAppTests.release.xcconfig */,
				6859016AE06F54F95E7F0AB6 /* Pods-HearthstoneAssessmentApp.debug.xcconfig */,
				802A543821F1A757BC7E68F1 /* Pods-HearthstoneAssessmentApp.release.xcconfig */,
				258EEEA8381ECDBA00E9DA03 /* Pods-HearthstoneAssessmentAppTests.debug.xcconfig */,
				927AB784784944600B8CCDC0 /* Pods-HearthstoneAssessmentAppTests.release.xcconfig */,
			);
			name = Pods;
			sourceTree = "<group>";
		};
		ED27400220832E4C009739BE /* Views */ = {
			isa = PBXGroup;
			children = (
				ED27400520832EA5009739BE /* CardDetailCollectionViewCell.swift */,
			);
			path = Views;
			sourceTree = "<group>";
		};
		ED975F7A207E4C5600D2C225 /* CardList */ = {
			isa = PBXGroup;
			children = (
				ED975F8D207E655100D2C225 /* Views */,
				EDBA16B9207C9FF700F9541E /* CardListViewController.swift */,
				ED975F7B207E53E200D2C225 /* CardListInteractor.swift */,
				ED975F84207E600B00D2C225 /* CardListVC+Interactor.swift */,
				EDB9887B20863458002BF224 /* CardListVC+NoResults.swift */,
			);
			path = CardList;
			sourceTree = "<group>";
		};
		ED975F8D207E655100D2C225 /* Views */ = {
			isa = PBXGroup;
			children = (
				ED975F8E207E660200D2C225 /* CardCollectionViewCell.swift */,
			);
			path = Views;
			sourceTree = "<group>";
		};
		EDAB3B492085EF51000B1C05 /* CardFilter */ = {
			isa = PBXGroup;
			children = (
				EDAB3B4C2085FD2C000B1C05 /* Views */,
				EDAB3B4A2085EF64000B1C05 /* CardFilterViewController.swift */,
			);
			path = CardFilter;
			sourceTree = "<group>";
		};
		EDAB3B4C2085FD2C000B1C05 /* Views */ = {
			isa = PBXGroup;
			children = (
				EDAB3B4D2085FD3D000B1C05 /* FilterTableViewCell.swift */,
			);
			path = Views;
			sourceTree = "<group>";
		};
		EDBA16AB207C9FF700F9541E = {
			isa = PBXGroup;
			children = (
				EDBA16B6207C9FF700F9541E /* HearthstoneAssessmentApp */,
				EDBA16B5207C9FF700F9541E /* Products */,
				4CEEF222DAED8E47992EF9F3 /* Pods */,
				F9AB79B9DE0E37282572FEA4 /* Frameworks */,
			);
			sourceTree = "<group>";
		};
		EDBA16B5207C9FF700F9541E /* Products */ = {
			isa = PBXGroup;
			children = (
				EDBA16B4207C9FF700F9541E /* HearthstoneAssessmentApp.app */,
			);
			name = Products;
			sourceTree = "<group>";
		};
		EDBA16B6207C9FF700F9541E /* HearthstoneAssessmentApp */ = {
			isa = PBXGroup;
			children = (
				EDBF1A23207DDB4700AC5B2E /* Data */,
				EDBF1A21207CED8F00AC5B2E /* Common */,
				EDBF1A20207CECE300AC5B2E /* Applicaton */,
				EDBF1A1F207CECD600AC5B2E /* Storyboards */,
				EDBF1A1E207CEC1900AC5B2E /* Scenes */,
				EDBF1A19207CAC6600AC5B2E /* Models */,
				EDBA16BE207C9FF700F9541E /* Assets.xcassets */,
				EDBA16C3207C9FF700F9541E /* Info.plist */,
			);
			path = HearthstoneAssessmentApp;
			sourceTree = "<group>";
		};
		EDBF1A19207CAC6600AC5B2E /* Models */ = {
			isa = PBXGroup;
			children = (
				EDBF1A3A207E427800AC5B2E /* RealmModels */,
				EDBF1A30207E177F00AC5B2E /* CodableModels */,
				EDF7F238208504A700D6E737 /* HearthstoneTypes.swift */,
			);
			path = Models;
			sourceTree = "<group>";
		};
		EDBF1A1E207CEC1900AC5B2E /* Scenes */ = {
			isa = PBXGroup;
			children = (
				EDAB3B492085EF51000B1C05 /* CardFilter */,
				EDF05CB9207F7E8B0012F3B2 /* CardDetail */,
				ED975F7A207E4C5600D2C225 /* CardList */,
			);
			path = Scenes;
			sourceTree = "<group>";
		};
		EDBF1A1F207CECD600AC5B2E /* Storyboards */ = {
			isa = PBXGroup;
			children = (
				EDBA16BB207C9FF700F9541E /* Main.storyboard */,
				EDBA16C0207C9FF700F9541E /* LaunchScreen.storyboard */,
			);
			path = Storyboards;
			sourceTree = "<group>";
		};
		EDBF1A20207CECE300AC5B2E /* Applicaton */ = {
			isa = PBXGroup;
			children = (
				EDBA16B7207C9FF700F9541E /* AppDelegate.swift */,
			);
			path = Applicaton;
			sourceTree = "<group>";
		};
		EDBF1A21207CED8F00AC5B2E /* Common */ = {
			isa = PBXGroup;
			children = (
				EDF7F2352084EE2A00D6E737 /* ViewExtensions */,
				ED975F7E207E542800D2C225 /* BaseViewProtocol.swift */,
				ED975F8A207E609F00D2C225 /* Localization.swift */,
				ED00EB47208601BB0049D705 /* Enum+Extensions.swift */,
			);
			path = Common;
			sourceTree = "<group>";
		};
		EDBF1A23207DDB4700AC5B2E /* Data */ = {
			isa = PBXGroup;
			children = (
				ED975F81207E56E900D2C225 /* CardService.swift */,
				EDBF1A2A207E031900AC5B2E /* LoadDataManager.swift */,
				EDF05CBE207F84750012F3B2 /* RealmDataManager.swift */,
				EDBF1A24207DDB6400AC5B2E /* DataProvider.swift */,
				EDBF1A2D207E0B1700AC5B2E /* DataError.swift */,
				EDBF1A27207DDD2100AC5B2E /* cards.json */,
			);
			path = Data;
			sourceTree = "<group>";
		};
		EDBF1A30207E177F00AC5B2E /* CodableModels */ = {
			isa = PBXGroup;
			children = (
				EDBF1A1A207CAC7B00AC5B2E /* CodableObjects.swift */,
				EDBF1A31207E17D500AC5B2E /* CodableHelper.swift */,
			);
			path = CodableModels;
			sourceTree = "<group>";
		};
		EDBF1A3A207E427800AC5B2E /* RealmModels */ = {
			isa = PBXGroup;
			children = (
				EDBF1A3B207E428F00AC5B2E /* CardEntity.swift */,
				ED975F78207E499100D2C225 /* CardEntity+Extensions.swift */,
			);
			path = RealmModels;
			sourceTree = "<group>";
		};
		EDF05CB9207F7E8B0012F3B2 /* CardDetail */ = {
			isa = PBXGroup;
			children = (
				ED27400220832E4C009739BE /* Views */,
				ED27400320832E64009739BE /* CardDetailViewController.swift */,
				EDFDA6772083340800A07AF9 /* CardDetailViewController+Interactor.swift */,
				EDA70DE820838F040083D0D8 /* CardListInterator+Favourite.swift */,
			);
			path = CardDetail;
			sourceTree = "<group>";
		};
		EDF7F2352084EE2A00D6E737 /* ViewExtensions */ = {
			isa = PBXGroup;
			children = (
				ED975F87207E603B00D2C225 /* UIViewController+Alerts.swift */,
				EDF7F2362084EE4300D6E737 /* UIView+IB.swift */,
			);
			path = ViewExtensions;
			sourceTree = "<group>";
		};
		F9AB79B9DE0E37282572FEA4 /* Frameworks */ = {
			isa = PBXGroup;
			children = (
				42BEBEFB900AB3C125F95076 /* Pods_HearthstoneAssessmentApp.framework */,
				7B81A58683C76B043BDFB40F /* Pods_HearthstoneAssessmentAppTests.framework */,
			);
			name = Frameworks;
			sourceTree = "<group>";
		};
/* End PBXGroup section */

/* Begin PBXNativeTarget section */
		EDBA16B3207C9FF700F9541E /* HearthstoneAssessmentApp */ = {
			isa = PBXNativeTarget;
			buildConfigurationList = EDBA16D1207C9FF800F9541E /* Build configuration list for PBXNativeTarget "HearthstoneAssessmentApp" */;
			buildPhases = (
				FB2AA9186260DFDAB9D5F515 /* [CP] Check Pods Manifest.lock */,
				EDBA16B0207C9FF700F9541E /* Sources */,
				EDBA16B1207C9FF700F9541E /* Frameworks */,
				EDBA16B2207C9FF700F9541E /* Resources */,
				9E039CC57C93BBD097D29659 /* [CP] Embed Pods Frameworks */,
			);
			buildRules = (
			);
			dependencies = (
			);
			name = HearthstoneAssessmentApp;
			productName = HeartstoneAssessmentApp;
			productReference = EDBA16B4207C9FF700F9541E /* HearthstoneAssessmentApp.app */;
			productType = "com.apple.product-type.application";
		};
/* End PBXNativeTarget section */

/* Begin PBXProject section */
		EDBA16AC207C9FF700F9541E /* Project object */ = {
			isa = PBXProject;
			attributes = {
				LastSwiftUpdateCheck = 0930;
				LastUpgradeCheck = 0930;
				ORGANIZATIONNAME = ikruglik;
				TargetAttributes = {
					EDBA16B3207C9FF700F9541E = {
						CreatedOnToolsVersion = 9.3;
					};
				};
			};
			buildConfigurationList = EDBA16AF207C9FF700F9541E /* Build configuration list for PBXProject "HearthstoneAssessmentApp" */;
			compatibilityVersion = "Xcode 9.3";
			developmentRegion = en;
			hasScannedForEncodings = 0;
			knownRegions = (
				en,
				Base,
			);
			mainGroup = EDBA16AB207C9FF700F9541E;
			productRefGroup = EDBA16B5207C9FF700F9541E /* Products */;
			projectDirPath = "";
			projectRoot = "";
			targets = (
				EDBA16B3207C9FF700F9541E /* HearthstoneAssessmentApp */,
			);
		};
/* End PBXProject section */

/* Begin PBXResourcesBuildPhase section */
		EDBA16B2207C9FF700F9541E /* Resources */ = {
			isa = PBXResourcesBuildPhase;
			buildActionMask = 2147483647;
			files = (
				EDBA16C2207C9FF700F9541E /* LaunchScreen.storyboard in Resources */,
				EDBA16BF207C9FF700F9541E /* Assets.xcassets in Resources */,
				EDBA16BD207C9FF700F9541E /* Main.storyboard in Resources */,
				EDBF1A28207DDD2100AC5B2E /* cards.json in Resources */,
			);
			runOnlyForDeploymentPostprocessing = 0;
		};
/* End PBXResourcesBuildPhase section */

/* Begin PBXShellScriptBuildPhase section */
		9E039CC57C93BBD097D29659 /* [CP] Embed Pods Frameworks */ = {
			isa = PBXShellScriptBuildPhase;
			buildActionMask = 2147483647;
			files = (
			);
			inputPaths = (
				"${SRCROOT}/Pods/Target Support Files/Pods-HearthstoneAssessmentApp/Pods-HearthstoneAssessmentApp-frameworks.sh",
				"${BUILT_PRODUCTS_DIR}/MBProgressHUD/MBProgressHUD.framework",
				"${BUILT_PRODUCTS_DIR}/Realm/Realm.framework",
				"${BUILT_PRODUCTS_DIR}/RealmSwift/RealmSwift.framework",
				"${BUILT_PRODUCTS_DIR}/SDWebImage/SDWebImage.framework",
				"${BUILT_PRODUCTS_DIR}/ScalingCarousel/ScalingCarousel.framework",
			);
			name = "[CP] Embed Pods Frameworks";
			outputPaths = (
				"${TARGET_BUILD_DIR}/${FRAMEWORKS_FOLDER_PATH}/MBProgressHUD.framework",
				"${TARGET_BUILD_DIR}/${FRAMEWORKS_FOLDER_PATH}/Realm.framework",
				"${TARGET_BUILD_DIR}/${FRAMEWORKS_FOLDER_PATH}/RealmSwift.framework",
				"${TARGET_BUILD_DIR}/${FRAMEWORKS_FOLDER_PATH}/SDWebImage.framework",
				"${TARGET_BUILD_DIR}/${FRAMEWORKS_FOLDER_PATH}/ScalingCarousel.framework",
			);
			runOnlyForDeploymentPostprocessing = 0;
			shellPath = /bin/sh;
			shellScript = "\"${SRCROOT}/Pods/Target Support Files/Pods-HearthstoneAssessmentApp/Pods-HearthstoneAssessmentApp-frameworks.sh\"\n";
			showEnvVarsInLog = 0;
		};
		FB2AA9186260DFDAB9D5F515 /* [CP] Check Pods Manifest.lock */ = {
			isa = PBXShellScriptBuildPhase;
			buildActionMask = 2147483647;
			files = (
			);
			inputPaths = (
				"${PODS_PODFILE_DIR_PATH}/Podfile.lock",
				"${PODS_ROOT}/Manifest.lock",
			);
			name = "[CP] Check Pods Manifest.lock";
			outputPaths = (
				"$(DERIVED_FILE_DIR)/Pods-HearthstoneAssessmentApp-checkManifestLockResult.txt",
			);
			runOnlyForDeploymentPostprocessing = 0;
			shellPath = /bin/sh;
			shellScript = "diff \"${PODS_PODFILE_DIR_PATH}/Podfile.lock\" \"${PODS_ROOT}/Manifest.lock\" > /dev/null\nif [ $? != 0 ] ; then\n    # print error to STDERR\n    echo \"error: The sandbox is not in sync with the Podfile.lock. Run 'pod install' or update your CocoaPods installation.\" >&2\n    exit 1\nfi\n# This output is used by Xcode 'outputs' to avoid re-running this script phase.\necho \"SUCCESS\" > \"${SCRIPT_OUTPUT_FILE_0}\"\n";
			showEnvVarsInLog = 0;
		};
/* End PBXShellScriptBuildPhase section */

/* Begin PBXSourcesBuildPhase section */
		EDBA16B0207C9FF700F9541E /* Sources */ = {
			isa = PBXSourcesBuildPhase;
			buildActionMask = 2147483647;
			files = (
				EDAB3B4B2085EF64000B1C05 /* CardFilterViewController.swift in Sources */,
				EDBF1A2E207E0B1700AC5B2E /* DataError.swift in Sources */,
				EDBF1A3C207E428F00AC5B2E /* CardEntity.swift in Sources */,
				ED975F82207E56E900D2C225 /* CardService.swift in Sources */,
				EDBF1A2B207E031900AC5B2E /* LoadDataManager.swift in Sources */,
				ED27400420832E64009739BE /* CardDetailViewController.swift in Sources */,
				ED27400620832EA5009739BE /* CardDetailCollectionViewCell.swift in Sources */,
				EDBF1A1B207CAC7B00AC5B2E /* CodableObjects.swift in Sources */,
				EDB9887C20863458002BF224 /* CardListVC+NoResults.swift in Sources */,
				EDBA16BA207C9FF700F9541E /* CardListViewController.swift in Sources */,
				EDF7F2372084EE4300D6E737 /* UIView+IB.swift in Sources */,
				ED975F88207E603B00D2C225 /* UIViewController+Alerts.swift in Sources */,
				EDFDA6782083340800A07AF9 /* CardDetailViewController+Interactor.swift in Sources */,
				ED00EB48208601BB0049D705 /* Enum+Extensions.swift in Sources */,
				ED975F85207E600B00D2C225 /* CardListVC+Interactor.swift in Sources */,
				ED975F8F207E660200D2C225 /* CardCollectionViewCell.swift in Sources */,
				ED975F7F207E542800D2C225 /* BaseViewProtocol.swift in Sources */,
				EDBF1A25207DDB6400AC5B2E /* DataProvider.swift in Sources */,
				EDA70DE920838F040083D0D8 /* CardListInterator+Favourite.swift in Sources */,
				ED975F7C207E53E200D2C225 /* CardListInteractor.swift in Sources */,
				ED975F8B207E609F00D2C225 /* Localization.swift in Sources */,
				EDAB3B4E2085FD3D000B1C05 /* FilterTableViewCell.swift in Sources */,
				EDF7F239208504A700D6E737 /* HearthstoneTypes.swift in Sources */,
				EDBF1A32207E17D500AC5B2E /* CodableHelper.swift in Sources */,
				EDBA16B8207C9FF700F9541E /* AppDelegate.swift in Sources */,
				ED975F79207E499100D2C225 /* CardEntity+Extensions.swift in Sources */,
				EDF05CBF207F84750012F3B2 /* RealmDataManager.swift in Sources */,
			);
			runOnlyForDeploymentPostprocessing = 0;
		};
/* End PBXSourcesBuildPhase section */

/* Begin PBXVariantGroup section */
		EDBA16BB207C9FF700F9541E /* Main.storyboard */ = {
			isa = PBXVariantGroup;
			children = (
				EDBA16BC207C9FF700F9541E /* Base */,
			);
			name = Main.storyboard;
			sourceTree = "<group>";
		};
		EDBA16C0207C9FF700F9541E /* LaunchScreen.storyboard */ = {
			isa = PBXVariantGroup;
			children = (
				EDBA16C1207C9FF700F9541E /* Base */,
			);
			name = LaunchScreen.storyboard;
			sourceTree = "<group>";
		};
/* End PBXVariantGroup section */

/* Begin XCBuildConfiguration section */
		EDBA16CF207C9FF800F9541E /* Debug */ = {
			isa = XCBuildConfiguration;
			buildSettings = {
				ALWAYS_SEARCH_USER_PATHS = NO;
				CLANG_ANALYZER_NONNULL = YES;
				CLANG_ANALYZER_NUMBER_OBJECT_CONVERSION = YES_AGGRESSIVE;
				CLANG_CXX_LANGUAGE_STANDARD = "gnu++14";
				CLANG_CXX_LIBRARY = "libc++";
				CLANG_ENABLE_MODULES = YES;
				CLANG_ENABLE_OBJC_ARC = YES;
				CLANG_ENABLE_OBJC_WEAK = YES;
				CLANG_WARN_BLOCK_CAPTURE_AUTORELEASING = YES;
				CLANG_WARN_BOOL_CONVERSION = YES;
				CLANG_WARN_COMMA = YES;
				CLANG_WARN_CONSTANT_CONVERSION = YES;
				CLANG_WARN_DEPRECATED_OBJC_IMPLEMENTATIONS = YES;
				CLANG_WARN_DIRECT_OBJC_ISA_USAGE = YES_ERROR;
				CLANG_WARN_DOCUMENTATION_COMMENTS = YES;
				CLANG_WARN_EMPTY_BODY = YES;
				CLANG_WARN_ENUM_CONVERSION = YES;
				CLANG_WARN_INFINITE_RECURSION = YES;
				CLANG_WARN_INT_CONVERSION = YES;
				CLANG_WARN_NON_LITERAL_NULL_CONVERSION = YES;
				CLANG_WARN_OBJC_IMPLICIT_RETAIN_SELF = YES;
				CLANG_WARN_OBJC_LITERAL_CONVERSION = YES;
				CLANG_WARN_OBJC_ROOT_CLASS = YES_ERROR;
				CLANG_WARN_RANGE_LOOP_ANALYSIS = YES;
				CLANG_WARN_STRICT_PROTOTYPES = YES;
				CLANG_WARN_SUSPICIOUS_MOVE = YES;
				CLANG_WARN_UNGUARDED_AVAILABILITY = YES_AGGRESSIVE;
				CLANG_WARN_UNREACHABLE_CODE = YES;
				CLANG_WARN__DUPLICATE_METHOD_MATCH = YES;
				CODE_SIGN_IDENTITY = "iPhone Developer";
				COPY_PHASE_STRIP = NO;
				DEBUG_INFORMATION_FORMAT = dwarf;
				ENABLE_STRICT_OBJC_MSGSEND = YES;
				ENABLE_TESTABILITY = YES;
				GCC_C_LANGUAGE_STANDARD = gnu11;
				GCC_DYNAMIC_NO_PIC = NO;
				GCC_NO_COMMON_BLOCKS = YES;
				GCC_OPTIMIZATION_LEVEL = 0;
				GCC_PREPROCESSOR_DEFINITIONS = (
					"DEBUG=1",
					"$(inherited)",
				);
				GCC_WARN_64_TO_32_BIT_CONVERSION = YES;
				GCC_WARN_ABOUT_RETURN_TYPE = YES_ERROR;
				GCC_WARN_UNDECLARED_SELECTOR = YES;
				GCC_WARN_UNINITIALIZED_AUTOS = YES_AGGRESSIVE;
				GCC_WARN_UNUSED_FUNCTION = YES;
				GCC_WARN_UNUSED_VARIABLE = YES;
				IPHONEOS_DEPLOYMENT_TARGET = 11.3;
				MTL_ENABLE_DEBUG_INFO = YES;
				ONLY_ACTIVE_ARCH = YES;
				SDKROOT = iphoneos;
				SWIFT_ACTIVE_COMPILATION_CONDITIONS = DEBUG;
				SWIFT_OPTIMIZATION_LEVEL = "-Onone";
			};
			name = Debug;
		};
		EDBA16D0207C9FF800F9541E /* Release */ = {
			isa = XCBuildConfiguration;
			buildSettings = {
				ALWAYS_SEARCH_USER_PATHS = NO;
				CLANG_ANALYZER_NONNULL = YES;
				CLANG_ANALYZER_NUMBER_OBJECT_CONVERSION = YES_AGGRESSIVE;
				CLANG_CXX_LANGUAGE_STANDARD = "gnu++14";
				CLANG_CXX_LIBRARY = "libc++";
				CLANG_ENABLE_MODULES = YES;
				CLANG_ENABLE_OBJC_ARC = YES;
				CLANG_ENABLE_OBJC_WEAK = YES;
				CLANG_WARN_BLOCK_CAPTURE_AUTORELEASING = YES;
				CLANG_WARN_BOOL_CONVERSION = YES;
				CLANG_WARN_COMMA = YES;
				CLANG_WARN_CONSTANT_CONVERSION = YES;
				CLANG_WARN_DEPRECATED_OBJC_IMPLEMENTATIONS = YES;
				CLANG_WARN_DIRECT_OBJC_ISA_USAGE = YES_ERROR;
				CLANG_WARN_DOCUMENTATION_COMMENTS = YES;
				CLANG_WARN_EMPTY_BODY = YES;
				CLANG_WARN_ENUM_CONVERSION = YES;
				CLANG_WARN_INFINITE_RECURSION = YES;
				CLANG_WARN_INT_CONVERSION = YES;
				CLANG_WARN_NON_LITERAL_NULL_CONVERSION = YES;
				CLANG_WARN_OBJC_IMPLICIT_RETAIN_SELF = YES;
				CLANG_WARN_OBJC_LITERAL_CONVERSION = YES;
				CLANG_WARN_OBJC_ROOT_CLASS = YES_ERROR;
				CLANG_WARN_RANGE_LOOP_ANALYSIS = YES;
				CLANG_WARN_STRICT_PROTOTYPES = YES;
				CLANG_WARN_SUSPICIOUS_MOVE = YES;
				CLANG_WARN_UNGUARDED_AVAILABILITY = YES_AGGRESSIVE;
				CLANG_WARN_UNREACHABLE_CODE = YES;
				CLANG_WARN__DUPLICATE_METHOD_MATCH = YES;
				CODE_SIGN_IDENTITY = "iPhone Developer";
				COPY_PHASE_STRIP = NO;
				DEBUG_INFORMATION_FORMAT = "dwarf-with-dsym";
				ENABLE_NS_ASSERTIONS = NO;
				ENABLE_STRICT_OBJC_MSGSEND = YES;
				GCC_C_LANGUAGE_STANDARD = gnu11;
				GCC_NO_COMMON_BLOCKS = YES;
				GCC_WARN_64_TO_32_BIT_CONVERSION = YES;
				GCC_WARN_ABOUT_RETURN_TYPE = YES_ERROR;
				GCC_WARN_UNDECLARED_SELECTOR = YES;
				GCC_WARN_UNINITIALIZED_AUTOS = YES_AGGRESSIVE;
				GCC_WARN_UNUSED_FUNCTION = YES;
				GCC_WARN_UNUSED_VARIABLE = YES;
				IPHONEOS_DEPLOYMENT_TARGET = 11.3;
				MTL_ENABLE_DEBUG_INFO = NO;
				SDKROOT = iphoneos;
				SWIFT_COMPILATION_MODE = wholemodule;
				SWIFT_OPTIMIZATION_LEVEL = "-O";
				VALIDATE_PRODUCT = YES;
			};
			name = Release;
		};
		EDBA16D2207C9FF800F9541E /* Debug */ = {
			isa = XCBuildConfiguration;
			baseConfigurationReference = 6859016AE06F54F95E7F0AB6 /* Pods-HearthstoneAssessmentApp.debug.xcconfig */;
			buildSettings = {
				ASSETCATALOG_COMPILER_APPICON_NAME = AppIcon;
				CODE_SIGN_STYLE = Automatic;
				DEVELOPMENT_TEAM = YU3NS8FN28;
				INFOPLIST_FILE = "$(SRCROOT)/HearthstoneAssessmentApp/Info.plist";
				LD_RUNPATH_SEARCH_PATHS = "$(inherited) @executable_path/Frameworks";
				PRODUCT_BUNDLE_IDENTIFIER = com.ikruglik.HeartstoneAssessmentApp;
				PRODUCT_NAME = "$(TARGET_NAME)";
				SWIFT_VERSION = 4.0;
				TARGETED_DEVICE_FAMILY = 1;
			};
			name = Debug;
		};
		EDBA16D3207C9FF800F9541E /* Release */ = {
			isa = XCBuildConfiguration;
			baseConfigurationReference = 802A543821F1A757BC7E68F1 /* Pods-HearthstoneAssessmentApp.release.xcconfig */;
			buildSettings = {
				ASSETCATALOG_COMPILER_APPICON_NAME = AppIcon;
				CODE_SIGN_STYLE = Automatic;
				DEVELOPMENT_TEAM = YU3NS8FN28;
				INFOPLIST_FILE = "$(SRCROOT)/HearthstoneAssessmentApp/Info.plist";
				LD_RUNPATH_SEARCH_PATHS = "$(inherited) @executable_path/Frameworks";
				PRODUCT_BUNDLE_IDENTIFIER = com.ikruglik.HeartstoneAssessmentApp;
				PRODUCT_NAME = "$(TARGET_NAME)";
				SWIFT_VERSION = 4.0;
				TARGETED_DEVICE_FAMILY = 1;
			};
			name = Release;
		};
/* End XCBuildConfiguration section */

/* Begin XCConfigurationList section */
		EDBA16AF207C9FF700F9541E /* Build configuration list for PBXProject "HearthstoneAssessmentApp" */ = {
			isa = XCConfigurationList;
			buildConfigurations = (
				EDBA16CF207C9FF800F9541E /* Debug */,
				EDBA16D0207C9FF800F9541E /* Release */,
			);
			defaultConfigurationIsVisible = 0;
			defaultConfigurationName = Release;
		};
		EDBA16D1207C9FF800F9541E /* Build configuration list for PBXNativeTarget "HearthstoneAssessmentApp" */ = {
			isa = XCConfigurationList;
			buildConfigurations = (
				EDBA16D2207C9FF800F9541E /* Debug */,
				EDBA16D3207C9FF800F9541E /* Release */,
			);
			defaultConfigurationIsVisible = 0;
			defaultConfigurationName = Release;
		};
/* End XCConfigurationList section */
	};
	rootObject = EDBA16AC207C9FF700F9541E /* Project object */;
}
