// !$*UTF8*$!
{
	archiveVersion = 1;
	classes = {
	};
	objectVersion = 50;
	objects = {

/* Begin PBXBuildFile section */
		62DE901AA804A4B056536F7D /* RootDependencies.swift in Sources */ = {isa = PBXBuildFile; fileRef = 62DE959E0ABA23B8A2B9561F /* RootDependencies.swift */; };
		62DE9051540F13A364D209B6 /* CardCellFactory.dart.swift in Sources */ = {isa = PBXBuildFile; fileRef = 62DE9D8534FE823C8C4AF079 /* CardCellFactory.dart.swift */; };
		62DE9084E013027F267164B4 /* CollectionViewDataSource.swift in Sources */ = {isa = PBXBuildFile; fileRef = 62DE96D63B9DC86B9437D78A /* CollectionViewDataSource.swift */; };
		62DE91F4777EC7D76F71828A /* ImageServiceFactory.swift in Sources */ = {isa = PBXBuildFile; fileRef = 62DE9E907B793C4B1154D982 /* ImageServiceFactory.swift */; };
		62DE92810EF64F2CA2601BF4 /* MockCancelable.swift in Sources */ = {isa = PBXBuildFile; fileRef = 62DE920D3FD81005BB5D17CD /* MockCancelable.swift */; };
		62DE92845B17ADB5DA1A0233 /* CardCellPresenter.swift in Sources */ = {isa = PBXBuildFile; fileRef = 62DE98CB64764AB1671661FD /* CardCellPresenter.swift */; };
		62DE93771FEA0D926220E215 /* CardCellConfigurator.swift in Sources */ = {isa = PBXBuildFile; fileRef = 62DE9FFCC12A35C9115AC3C0 /* CardCellConfigurator.swift */; };
		62DE93B433E1B48D4A7C8E92 /* CardCellInteractor.swift in Sources */ = {isa = PBXBuildFile; fileRef = 62DE9CBC068A39CE28E0E664 /* CardCellInteractor.swift */; };
		62DE949A09F7D8175B841927 /* CollectionModels.swift in Sources */ = {isa = PBXBuildFile; fileRef = 62DE9AECCA03AB5A02A90A5D /* CollectionModels.swift */; };
		62DE94F2409791B4B780C257 /* CardSets.swift in Sources */ = {isa = PBXBuildFile; fileRef = 62DE94B42141372E2635E2DF /* CardSets.swift */; };
		62DE953C1F515F6851FEDB58 /* ImageRetriever.swift in Sources */ = {isa = PBXBuildFile; fileRef = 62DE95F088ECE0277D60F0A9 /* ImageRetriever.swift */; };
		62DE9549453901FFEE6D1B82 /* Cancelable.swift in Sources */ = {isa = PBXBuildFile; fileRef = 62DE9EFF80537844F5001D8E /* Cancelable.swift */; };
		62DE9611A183B6E774D9B551 /* CollectionFactory.swift in Sources */ = {isa = PBXBuildFile; fileRef = 62DE907A1C6D4B83B9CB9201 /* CollectionFactory.swift */; };
		62DE96494D2369E79C354611 /* CardCellView.swift in Sources */ = {isa = PBXBuildFile; fileRef = 62DE954CFE6EB15F06A8787B /* CardCellView.swift */; };
		62DE966DE32CF1BC72BCA51F /* CollectionInteractor.swift in Sources */ = {isa = PBXBuildFile; fileRef = 62DE96C3BE2D49B47997734C /* CollectionInteractor.swift */; };
		62DE9675C3E56A3EDA2E0F4D /* ImageService.swift in Sources */ = {isa = PBXBuildFile; fileRef = 62DE99B98B5C97EC5C06A8EE /* ImageService.swift */; };
		62DE97FBAD2ED4F3BFFDF464 /* cards.json in Resources */ = {isa = PBXBuildFile; fileRef = 62DE9D4A54443759559D1902 /* cards.json */; };
		62DE9854BF5E1EDF2CEEB0BE /* ImageCache.swift in Sources */ = {isa = PBXBuildFile; fileRef = 62DE9980BA15B192C2DAD2AE /* ImageCache.swift */; };
		62DE98732D85B8D28A51F3C0 /* CollectionViewController.swift in Sources */ = {isa = PBXBuildFile; fileRef = 62DE9A380AE4940383815D54 /* CollectionViewController.swift */; };
		62DE9991BC93742181DACED4 /* CollectionService.swift in Sources */ = {isa = PBXBuildFile; fileRef = 62DE91612A72CC37CE153183 /* CollectionService.swift */; };
		62DE9A3299AB24478C8865EE /* MockImageRetriever.swift in Sources */ = {isa = PBXBuildFile; fileRef = 62DE95B43DDB3B8D881A96E2 /* MockImageRetriever.swift */; };
		62DE9A4603073D6A01BEE2FD /* ImageServiceTests.swift in Sources */ = {isa = PBXBuildFile; fileRef = 62DE9DAC925D362CC43E0D2D /* ImageServiceTests.swift */; };
		62DE9AF96A475DAE79B11988 /* CollectionServiceFactory.swift in Sources */ = {isa = PBXBuildFile; fileRef = 62DE9A231DA5DDF0BDC315B7 /* CollectionServiceFactory.swift */; };
		62DE9B5043367EC1273AFECA /* LocalCollectionRetriever.swift in Sources */ = {isa = PBXBuildFile; fileRef = 62DE90CF0AFC6B289F0132C2 /* LocalCollectionRetriever.swift */; };
		62DE9C03652E140A22403F8D /* MockCollectionRetriever.swift in Sources */ = {isa = PBXBuildFile; fileRef = 62DE95AC1E10ECADA5BF4A33 /* MockCollectionRetriever.swift */; };
		62DE9C9097076B72322D98E9 /* Displaying.swift in Sources */ = {isa = PBXBuildFile; fileRef = 62DE91A199A6D3C3BE6997DE /* Displaying.swift */; };
		62DE9C90A087C4EB779B1E95 /* MockImageService.swift in Sources */ = {isa = PBXBuildFile; fileRef = 62DE920D295E2E81376B1609 /* MockImageService.swift */; };
		62DE9D9E4876F3C2865BBB56 /* CollectionServiceTests.swift in Sources */ = {isa = PBXBuildFile; fileRef = 62DE990FA6AF4FA24317CB95 /* CollectionServiceTests.swift */; };
		62DE9DB052C43810FCA01790 /* MockCardCellPresenter.swift in Sources */ = {isa = PBXBuildFile; fileRef = 62DE9AC8CA0D4EF30AFE0EFD /* MockCardCellPresenter.swift */; };
		62DE9E0AD1066D4A99B81EA2 /* MockImageCache.swift in Sources */ = {isa = PBXBuildFile; fileRef = 62DE9E8F79FD5321A7756CFC /* MockImageCache.swift */; };
		62DE9E11F8B83D7A141DAED7 /* CardCellModels.swift in Sources */ = {isa = PBXBuildFile; fileRef = 62DE9740834E0DE6D48D13C7 /* CardCellModels.swift */; };
		62DE9EB6EFC211750D454246 /* NetworkImageRetriever.swift in Sources */ = {isa = PBXBuildFile; fileRef = 62DE9D043E5A921BAF7237A8 /* NetworkImageRetriever.swift */; };
		62DE9ECC2FC412868B35F575 /* HttpClientTests.swift in Sources */ = {isa = PBXBuildFile; fileRef = 62DE96864AC44CD0AA2B2D39 /* HttpClientTests.swift */; };
		62DE9ED83BE839640F09AF3B /* CollectionPresenter.swift in Sources */ = {isa = PBXBuildFile; fileRef = 62DE9D5AF3D4E4875E0FA926 /* CollectionPresenter.swift */; };
		62DE9F04FBC87D58EE6FA2CB /* LocalCollectionRetrieverTests.swift in Sources */ = {isa = PBXBuildFile; fileRef = 62DE96B01FA34E8BE5BF7467 /* LocalCollectionRetrieverTests.swift */; };
		62DE9F342280B2B5E33FB55A /* CollectionRetriever.swift in Sources */ = {isa = PBXBuildFile; fileRef = 62DE971DA42B60FA5BE3D3C6 /* CollectionRetriever.swift */; };
		62DE9F643049CEFDAC20A792 /* Card.swift in Sources */ = {isa = PBXBuildFile; fileRef = 62DE9F4DE6FD4515C2F9D044 /* Card.swift */; };
		94423CBF23A56EFE0091FA81 /* CardCellInteractorTests.swift in Sources */ = {isa = PBXBuildFile; fileRef = 62DE9E6F4BA4C5CB14835744 /* CardCellInteractorTests.swift */; };
		94423CC023A666480091FA81 /* HttpClient.swift in Sources */ = {isa = PBXBuildFile; fileRef = 62DE94AFB7523AAD041D790D /* HttpClient.swift */; };
		94FA041D23A2D69F00D67D10 /* AppDelegate.swift in Sources */ = {isa = PBXBuildFile; fileRef = 94FA041C23A2D69F00D67D10 /* AppDelegate.swift */; };
		94FA042623A2D6A100D67D10 /* Assets.xcassets in Resources */ = {isa = PBXBuildFile; fileRef = 94FA042523A2D6A100D67D10 /* Assets.xcassets */; };
		94FA042923A2D6A100D67D10 /* LaunchScreen.storyboard in Resources */ = {isa = PBXBuildFile; fileRef = 94FA042723A2D6A100D67D10 /* LaunchScreen.storyboard */; };
/* End PBXBuildFile section */

/* Begin PBXContainerItemProxy section */
		94FA043023A2D6A100D67D10 /* PBXContainerItemProxy */ = {
			isa = PBXContainerItemProxy;
			containerPortal = 94FA041123A2D69F00D67D10 /* Project object */;
			proxyType = 1;
			remoteGlobalIDString = 94FA041823A2D69F00D67D10;
			remoteInfo = HearthstoneHelper;
		};
/* End PBXContainerItemProxy section */

/* Begin PBXFileReference section */
		62DE907A1C6D4B83B9CB9201 /* CollectionFactory.swift */ = {isa = PBXFileReference; fileEncoding = 4; lastKnownFileType = sourcecode.swift; path = CollectionFactory.swift; sourceTree = "<group>"; };
		62DE90CF0AFC6B289F0132C2 /* LocalCollectionRetriever.swift */ = {isa = PBXFileReference; fileEncoding = 4; lastKnownFileType = sourcecode.swift; path = LocalCollectionRetriever.swift; sourceTree = "<group>"; };
		62DE91612A72CC37CE153183 /* CollectionService.swift */ = {isa = PBXFileReference; fileEncoding = 4; lastKnownFileType = sourcecode.swift; path = CollectionService.swift; sourceTree = "<group>"; };
		62DE91A199A6D3C3BE6997DE /* Displaying.swift */ = {isa = PBXFileReference; fileEncoding = 4; lastKnownFileType = sourcecode.swift; path = Displaying.swift; sourceTree = "<group>"; };
		62DE920D295E2E81376B1609 /* MockImageService.swift */ = {isa = PBXFileReference; fileEncoding = 4; lastKnownFileType = sourcecode.swift; path = MockImageService.swift; sourceTree = "<group>"; };
		62DE920D3FD81005BB5D17CD /* MockCancelable.swift */ = {isa = PBXFileReference; fileEncoding = 4; lastKnownFileType = sourcecode.swift; path = MockCancelable.swift; sourceTree = "<group>"; };
		62DE94AFB7523AAD041D790D /* HttpClient.swift */ = {isa = PBXFileReference; fileEncoding = 4; lastKnownFileType = sourcecode.swift; path = HttpClient.swift; sourceTree = "<group>"; };
		62DE94B42141372E2635E2DF /* CardSets.swift */ = {isa = PBXFileReference; fileEncoding = 4; lastKnownFileType = sourcecode.swift; path = CardSets.swift; sourceTree = "<group>"; };
		62DE954CFE6EB15F06A8787B /* CardCellView.swift */ = {isa = PBXFileReference; fileEncoding = 4; lastKnownFileType = sourcecode.swift; path = CardCellView.swift; sourceTree = "<group>"; };
		62DE959E0ABA23B8A2B9561F /* RootDependencies.swift */ = {isa = PBXFileReference; fileEncoding = 4; lastKnownFileType = sourcecode.swift; path = RootDependencies.swift; sourceTree = "<group>"; };
		62DE95AC1E10ECADA5BF4A33 /* MockCollectionRetriever.swift */ = {isa = PBXFileReference; fileEncoding = 4; lastKnownFileType = sourcecode.swift; path = MockCollectionRetriever.swift; sourceTree = "<group>"; };
		62DE95B43DDB3B8D881A96E2 /* MockImageRetriever.swift */ = {isa = PBXFileReference; fileEncoding = 4; lastKnownFileType = sourcecode.swift; path = MockImageRetriever.swift; sourceTree = "<group>"; };
		62DE95F088ECE0277D60F0A9 /* ImageRetriever.swift */ = {isa = PBXFileReference; fileEncoding = 4; lastKnownFileType = sourcecode.swift; path = ImageRetriever.swift; sourceTree = "<group>"; };
		62DE96864AC44CD0AA2B2D39 /* HttpClientTests.swift */ = {isa = PBXFileReference; fileEncoding = 4; lastKnownFileType = sourcecode.swift; path = HttpClientTests.swift; sourceTree = "<group>"; };
		62DE96B01FA34E8BE5BF7467 /* LocalCollectionRetrieverTests.swift */ = {isa = PBXFileReference; fileEncoding = 4; lastKnownFileType = sourcecode.swift; path = LocalCollectionRetrieverTests.swift; sourceTree = "<group>"; };
		62DE96C3BE2D49B47997734C /* CollectionInteractor.swift */ = {isa = PBXFileReference; fileEncoding = 4; lastKnownFileType = sourcecode.swift; path = CollectionInteractor.swift; sourceTree = "<group>"; };
		62DE96D63B9DC86B9437D78A /* CollectionViewDataSource.swift */ = {isa = PBXFileReference; fileEncoding = 4; lastKnownFileType = sourcecode.swift; path = CollectionViewDataSource.swift; sourceTree = "<group>"; };
		62DE971DA42B60FA5BE3D3C6 /* CollectionRetriever.swift */ = {isa = PBXFileReference; fileEncoding = 4; lastKnownFileType = sourcecode.swift; path = CollectionRetriever.swift; sourceTree = "<group>"; };
		62DE9740834E0DE6D48D13C7 /* CardCellModels.swift */ = {isa = PBXFileReference; fileEncoding = 4; lastKnownFileType = sourcecode.swift; path = CardCellModels.swift; sourceTree = "<group>"; };
		62DE98CB64764AB1671661FD /* CardCellPresenter.swift */ = {isa = PBXFileReference; fileEncoding = 4; lastKnownFileType = sourcecode.swift; path = CardCellPresenter.swift; sourceTree = "<group>"; };
		62DE990FA6AF4FA24317CB95 /* CollectionServiceTests.swift */ = {isa = PBXFileReference; fileEncoding = 4; lastKnownFileType = sourcecode.swift; path = CollectionServiceTests.swift; sourceTree = "<group>"; };
		62DE9980BA15B192C2DAD2AE /* ImageCache.swift */ = {isa = PBXFileReference; fileEncoding = 4; lastKnownFileType = sourcecode.swift; path = ImageCache.swift; sourceTree = "<group>"; };
		62DE99B98B5C97EC5C06A8EE /* ImageService.swift */ = {isa = PBXFileReference; fileEncoding = 4; lastKnownFileType = sourcecode.swift; path = ImageService.swift; sourceTree = "<group>"; };
		62DE9A231DA5DDF0BDC315B7 /* CollectionServiceFactory.swift */ = {isa = PBXFileReference; fileEncoding = 4; lastKnownFileType = sourcecode.swift; path = CollectionServiceFactory.swift; sourceTree = "<group>"; };
		62DE9A380AE4940383815D54 /* CollectionViewController.swift */ = {isa = PBXFileReference; fileEncoding = 4; lastKnownFileType = sourcecode.swift; path = CollectionViewController.swift; sourceTree = "<group>"; };
		62DE9AC8CA0D4EF30AFE0EFD /* MockCardCellPresenter.swift */ = {isa = PBXFileReference; fileEncoding = 4; lastKnownFileType = sourcecode.swift; path = MockCardCellPresenter.swift; sourceTree = "<group>"; };
		62DE9AECCA03AB5A02A90A5D /* CollectionModels.swift */ = {isa = PBXFileReference; fileEncoding = 4; lastKnownFileType = sourcecode.swift; path = CollectionModels.swift; sourceTree = "<group>"; };
		62DE9CBC068A39CE28E0E664 /* CardCellInteractor.swift */ = {isa = PBXFileReference; fileEncoding = 4; lastKnownFileType = sourcecode.swift; path = CardCellInteractor.swift; sourceTree = "<group>"; };
		62DE9D043E5A921BAF7237A8 /* NetworkImageRetriever.swift */ = {isa = PBXFileReference; fileEncoding = 4; lastKnownFileType = sourcecode.swift; path = NetworkImageRetriever.swift; sourceTree = "<group>"; };
		62DE9D4A54443759559D1902 /* cards.json */ = {isa = PBXFileReference; fileEncoding = 4; lastKnownFileType = text.json; path = cards.json; sourceTree = "<group>"; };
		62DE9D5AF3D4E4875E0FA926 /* CollectionPresenter.swift */ = {isa = PBXFileReference; fileEncoding = 4; lastKnownFileType = sourcecode.swift; path = CollectionPresenter.swift; sourceTree = "<group>"; };
		62DE9D8534FE823C8C4AF079 /* CardCellFactory.dart.swift */ = {isa = PBXFileReference; fileEncoding = 4; lastKnownFileType = sourcecode.swift; path = CardCellFactory.dart.swift; sourceTree = "<group>"; };
		62DE9DAC925D362CC43E0D2D /* ImageServiceTests.swift */ = {isa = PBXFileReference; fileEncoding = 4; lastKnownFileType = sourcecode.swift; path = ImageServiceTests.swift; sourceTree = "<group>"; };
		62DE9E6F4BA4C5CB14835744 /* CardCellInteractorTests.swift */ = {isa = PBXFileReference; fileEncoding = 4; lastKnownFileType = sourcecode.swift; path = CardCellInteractorTests.swift; sourceTree = "<group>"; };
		62DE9E8F79FD5321A7756CFC /* MockImageCache.swift */ = {isa = PBXFileReference; fileEncoding = 4; lastKnownFileType = sourcecode.swift; path = MockImageCache.swift; sourceTree = "<group>"; };
		62DE9E907B793C4B1154D982 /* ImageServiceFactory.swift */ = {isa = PBXFileReference; fileEncoding = 4; lastKnownFileType = sourcecode.swift; path = ImageServiceFactory.swift; sourceTree = "<group>"; };
		62DE9EFF80537844F5001D8E /* Cancelable.swift */ = {isa = PBXFileReference; fileEncoding = 4; lastKnownFileType = sourcecode.swift; path = Cancelable.swift; sourceTree = "<group>"; };
		62DE9F4DE6FD4515C2F9D044 /* Card.swift */ = {isa = PBXFileReference; fileEncoding = 4; lastKnownFileType = sourcecode.swift; path = Card.swift; sourceTree = "<group>"; };
		62DE9FFCC12A35C9115AC3C0 /* CardCellConfigurator.swift */ = {isa = PBXFileReference; fileEncoding = 4; lastKnownFileType = sourcecode.swift; path = CardCellConfigurator.swift; sourceTree = "<group>"; };
		94FA041923A2D69F00D67D10 /* HearthstoneHelper.app */ = {isa = PBXFileReference; explicitFileType = wrapper.application; includeInIndex = 0; path = HearthstoneHelper.app; sourceTree = BUILT_PRODUCTS_DIR; };
		94FA041C23A2D69F00D67D10 /* AppDelegate.swift */ = {isa = PBXFileReference; lastKnownFileType = sourcecode.swift; path = AppDelegate.swift; sourceTree = "<group>"; };
		94FA042523A2D6A100D67D10 /* Assets.xcassets */ = {isa = PBXFileReference; lastKnownFileType = folder.assetcatalog; path = Assets.xcassets; sourceTree = "<group>"; };
		94FA042823A2D6A100D67D10 /* Base */ = {isa = PBXFileReference; lastKnownFileType = file.storyboard; name = Base; path = Base.lproj/LaunchScreen.storyboard; sourceTree = "<group>"; };
		94FA042A23A2D6A100D67D10 /* Info.plist */ = {isa = PBXFileReference; lastKnownFileType = text.plist.xml; path = Info.plist; sourceTree = "<group>"; };
		94FA042F23A2D6A100D67D10 /* HearthstoneHelperTests.xctest */ = {isa = PBXFileReference; explicitFileType = wrapper.cfbundle; includeInIndex = 0; path = HearthstoneHelperTests.xctest; sourceTree = BUILT_PRODUCTS_DIR; };
		94FA043523A2D6A100D67D10 /* Info.plist */ = {isa = PBXFileReference; lastKnownFileType = text.plist.xml; path = Info.plist; sourceTree = "<group>"; };
/* End PBXFileReference section */

/* Begin PBXFrameworksBuildPhase section */
		94FA041623A2D69F00D67D10 /* Frameworks */ = {
			isa = PBXFrameworksBuildPhase;
			buildActionMask = 2147483647;
			files = (
			);
			runOnlyForDeploymentPostprocessing = 0;
		};
		94FA042C23A2D6A100D67D10 /* Frameworks */ = {
			isa = PBXFrameworksBuildPhase;
			buildActionMask = 2147483647;
			files = (
			);
			runOnlyForDeploymentPostprocessing = 0;
		};
/* End PBXFrameworksBuildPhase section */

/* Begin PBXGroup section */
		62DE91203FF9185D13567EC6 /* Collection */ = {
			isa = PBXGroup;
			children = (
				62DE9A380AE4940383815D54 /* CollectionViewController.swift */,
				62DE9E26C4E5CADF01DBE183 /* CardCell */,
				62DE9AECCA03AB5A02A90A5D /* CollectionModels.swift */,
				62DE96D63B9DC86B9437D78A /* CollectionViewDataSource.swift */,
				62DE96C3BE2D49B47997734C /* CollectionInteractor.swift */,
				62DE9D5AF3D4E4875E0FA926 /* CollectionPresenter.swift */,
				62DE907A1C6D4B83B9CB9201 /* CollectionFactory.swift */,
			);
			path = Collection;
			sourceTree = "<group>";
		};
		62DE915455EBE97445389764 /* Details */ = {
			isa = PBXGroup;
			children = (
			);
			path = Details;
			sourceTree = "<group>";
		};
		62DE91BA1B7B623B1B06358F /* Scenes */ = {
			isa = PBXGroup;
			children = (
				62DE9DEB0D79819192C83FA0 /* Collection */,
			);
			path = Scenes;
			sourceTree = "<group>";
		};
		62DE924B911AB8A28EB9D0F6 /* Network */ = {
			isa = PBXGroup;
			children = (
				62DE96864AC44CD0AA2B2D39 /* HttpClientTests.swift */,
			);
			path = Network;
			sourceTree = "<group>";
		};
		62DE933CDE3CD8326C5A6EC2 /* ImageService */ = {
			isa = PBXGroup;
			children = (
				62DE99B98B5C97EC5C06A8EE /* ImageService.swift */,
				62DE9838AC85BD8081FA5854 /* Retrievers */,
				62DE9EBDC50CF71030E54D61 /* Cache */,
				62DE9E907B793C4B1154D982 /* ImageServiceFactory.swift */,
			);
			path = ImageService;
			sourceTree = "<group>";
		};
		62DE9472EE7ABB2A88E5FC87 /* CollectionRetriever */ = {
			isa = PBXGroup;
			children = (
				62DE96B01FA34E8BE5BF7467 /* LocalCollectionRetrieverTests.swift */,
				62DE95AC1E10ECADA5BF4A33 /* MockCollectionRetriever.swift */,
			);
			path = CollectionRetriever;
			sourceTree = "<group>";
		};
		62DE948D842C1EA844431347 /* Retrievers */ = {
			isa = PBXGroup;
			children = (
				62DE95B43DDB3B8D881A96E2 /* MockImageRetriever.swift */,
			);
			path = Retrievers;
			sourceTree = "<group>";
		};
		62DE9505BA268DF3761F1B6F /* CollectionService */ = {
			isa = PBXGroup;
			children = (
				62DE9472EE7ABB2A88E5FC87 /* CollectionRetriever */,
				62DE990FA6AF4FA24317CB95 /* CollectionServiceTests.swift */,
			);
			path = CollectionService;
			sourceTree = "<group>";
		};
		62DE95A0C267DE194E6A8B1B /* Utils */ = {
			isa = PBXGroup;
			children = (
				62DE91A199A6D3C3BE6997DE /* Displaying.swift */,
				62DE9EFF80537844F5001D8E /* Cancelable.swift */,
			);
			path = Utils;
			sourceTree = "<group>";
		};
		62DE9659B94A39903102992D /* Entities */ = {
			isa = PBXGroup;
			children = (
				62DE9F4DE6FD4515C2F9D044 /* Card.swift */,
				62DE94B42141372E2635E2DF /* CardSets.swift */,
			);
			path = Entities;
			sourceTree = "<group>";
		};
		62DE976EEDD7CF85B7CA6B81 /* CollectionService */ = {
			isa = PBXGroup;
			children = (
				62DE91612A72CC37CE153183 /* CollectionService.swift */,
				62DE9FD6DF7CA955DDC2FDF5 /* Retrievers */,
				62DE9A231DA5DDF0BDC315B7 /* CollectionServiceFactory.swift */,
			);
			path = CollectionService;
			sourceTree = "<group>";
		};
		62DE979DC39C17BDDE2F2878 /* Services */ = {
			isa = PBXGroup;
			children = (
				62DE9505BA268DF3761F1B6F /* CollectionService */,
				62DE9DDF85B9C8CCF00125C5 /* ImageService */,
			);
			path = Services;
			sourceTree = "<group>";
		};
		62DE9838AC85BD8081FA5854 /* Retrievers */ = {
			isa = PBXGroup;
			children = (
				62DE9D043E5A921BAF7237A8 /* NetworkImageRetriever.swift */,
				62DE95F088ECE0277D60F0A9 /* ImageRetriever.swift */,
			);
			path = Retrievers;
			sourceTree = "<group>";
		};
		62DE994C9A70DC885D0BBE27 /* Scenes */ = {
			isa = PBXGroup;
			children = (
				62DE91203FF9185D13567EC6 /* Collection */,
				62DE915455EBE97445389764 /* Details */,
			);
			path = Scenes;
			sourceTree = "<group>";
		};
		62DE9961928CF87EB8B3C071 /* Utils */ = {
			isa = PBXGroup;
			children = (
				62DE920D3FD81005BB5D17CD /* MockCancelable.swift */,
			);
			path = Utils;
			sourceTree = "<group>";
		};
		62DE9C2D30A2722CD2A99CA8 /* Services */ = {
			isa = PBXGroup;
			children = (
				62DE9659B94A39903102992D /* Entities */,
				62DE976EEDD7CF85B7CA6B81 /* CollectionService */,
				62DE933CDE3CD8326C5A6EC2 /* ImageService */,
			);
			path = Services;
			sourceTree = "<group>";
		};
		62DE9D0917CC41B59019F280 /* Cache */ = {
			isa = PBXGroup;
			children = (
				62DE9E8F79FD5321A7756CFC /* MockImageCache.swift */,
			);
			path = Cache;
			sourceTree = "<group>";
		};
		62DE9DDF85B9C8CCF00125C5 /* ImageService */ = {
			isa = PBXGroup;
			children = (
				62DE9DAC925D362CC43E0D2D /* ImageServiceTests.swift */,
				62DE9D0917CC41B59019F280 /* Cache */,
				62DE948D842C1EA844431347 /* Retrievers */,
				62DE920D295E2E81376B1609 /* MockImageService.swift */,
			);
			path = ImageService;
			sourceTree = "<group>";
		};
		62DE9DEB0D79819192C83FA0 /* Collection */ = {
			isa = PBXGroup;
			children = (
				62DE9E6F4BA4C5CB14835744 /* CardCellInteractorTests.swift */,
				62DE9AC8CA0D4EF30AFE0EFD /* MockCardCellPresenter.swift */,
			);
			path = Collection;
			sourceTree = "<group>";
		};
		62DE9E26C4E5CADF01DBE183 /* CardCell */ = {
			isa = PBXGroup;
			children = (
				62DE9740834E0DE6D48D13C7 /* CardCellModels.swift */,
				62DE954CFE6EB15F06A8787B /* CardCellView.swift */,
				62DE9FFCC12A35C9115AC3C0 /* CardCellConfigurator.swift */,
				62DE9CBC068A39CE28E0E664 /* CardCellInteractor.swift */,
				62DE98CB64764AB1671661FD /* CardCellPresenter.swift */,
				62DE9D8534FE823C8C4AF079 /* CardCellFactory.dart.swift */,
			);
			path = CardCell;
			sourceTree = "<group>";
		};
		62DE9E6913FF34BC599C9BCB /* Network */ = {
			isa = PBXGroup;
			children = (
				62DE94AFB7523AAD041D790D /* HttpClient.swift */,
			);
			path = Network;
			sourceTree = "<group>";
		};
		62DE9EBDC50CF71030E54D61 /* Cache */ = {
			isa = PBXGroup;
			children = (
				62DE9980BA15B192C2DAD2AE /* ImageCache.swift */,
			);
			path = Cache;
			sourceTree = "<group>";
		};
		62DE9FD6DF7CA955DDC2FDF5 /* Retrievers */ = {
			isa = PBXGroup;
			children = (
				62DE971DA42B60FA5BE3D3C6 /* CollectionRetriever.swift */,
				62DE90CF0AFC6B289F0132C2 /* LocalCollectionRetriever.swift */,
			);
			path = Retrievers;
			sourceTree = "<group>";
		};
		94FA041023A2D69F00D67D10 = {
			isa = PBXGroup;
			children = (
				94FA041B23A2D69F00D67D10 /* HearthstoneHelper */,
				94FA043223A2D6A100D67D10 /* HearthstoneHelperTests */,
				94FA041A23A2D69F00D67D10 /* Products */,
			);
			sourceTree = "<group>";
		};
		94FA041A23A2D69F00D67D10 /* Products */ = {
			isa = PBXGroup;
			children = (
				94FA041923A2D69F00D67D10 /* HearthstoneHelper.app */,
				94FA042F23A2D6A100D67D10 /* HearthstoneHelperTests.xctest */,
			);
			name = Products;
			sourceTree = "<group>";
		};
		94FA041B23A2D69F00D67D10 /* HearthstoneHelper */ = {
			isa = PBXGroup;
			children = (
				94FA043E23A2D77600D67D10 /* Resources */,
				94FA041C23A2D69F00D67D10 /* AppDelegate.swift */,
				62DE994C9A70DC885D0BBE27 /* Scenes */,
				62DE959E0ABA23B8A2B9561F /* RootDependencies.swift */,
				62DE9C2D30A2722CD2A99CA8 /* Services */,
				62DE95A0C267DE194E6A8B1B /* Utils */,
				62DE9E6913FF34BC599C9BCB /* Network */,
			);
			path = HearthstoneHelper;
			sourceTree = "<group>";
		};
		94FA043223A2D6A100D67D10 /* HearthstoneHelperTests */ = {
			isa = PBXGroup;
			children = (
				94FA043523A2D6A100D67D10 /* Info.plist */,
				62DE979DC39C17BDDE2F2878 /* Services */,
				62DE91BA1B7B623B1B06358F /* Scenes */,
				62DE924B911AB8A28EB9D0F6 /* Network */,
				62DE9961928CF87EB8B3C071 /* Utils */,
			);
			path = HearthstoneHelperTests;
			sourceTree = "<group>";
		};
		94FA043E23A2D77600D67D10 /* Resources */ = {
			isa = PBXGroup;
			children = (
				94FA042523A2D6A100D67D10 /* Assets.xcassets */,
				94FA042723A2D6A100D67D10 /* LaunchScreen.storyboard */,
				94FA042A23A2D6A100D67D10 /* Info.plist */,
				62DE9D4A54443759559D1902 /* cards.json */,
			);
			path = Resources;
			sourceTree = "<group>";
		};
/* End PBXGroup section */

/* Begin PBXNativeTarget section */
		94FA041823A2D69F00D67D10 /* HearthstoneHelper */ = {
			isa = PBXNativeTarget;
			buildConfigurationList = 94FA043823A2D6A100D67D10 /* Build configuration list for PBXNativeTarget "HearthstoneHelper" */;
			buildPhases = (
				94FA041523A2D69F00D67D10 /* Sources */,
				94FA041623A2D69F00D67D10 /* Frameworks */,
				94FA041723A2D69F00D67D10 /* Resources */,
			);
			buildRules = (
			);
			dependencies = (
			);
			name = HearthstoneHelper;
			productName = HearthstoneHelper;
			productReference = 94FA041923A2D69F00D67D10 /* HearthstoneHelper.app */;
			productType = "com.apple.product-type.application";
		};
		94FA042E23A2D6A100D67D10 /* HearthstoneHelperTests */ = {
			isa = PBXNativeTarget;
			buildConfigurationList = 94FA043B23A2D6A100D67D10 /* Build configuration list for PBXNativeTarget "HearthstoneHelperTests" */;
			buildPhases = (
				94FA042B23A2D6A100D67D10 /* Sources */,
				94FA042C23A2D6A100D67D10 /* Frameworks */,
				94FA042D23A2D6A100D67D10 /* Resources */,
			);
			buildRules = (
			);
			dependencies = (
				94FA043123A2D6A100D67D10 /* PBXTargetDependency */,
			);
			name = HearthstoneHelperTests;
			productName = HearthstoneHelperTests;
			productReference = 94FA042F23A2D6A100D67D10 /* HearthstoneHelperTests.xctest */;
			productType = "com.apple.product-type.bundle.unit-test";
		};
/* End PBXNativeTarget section */

/* Begin PBXProject section */
		94FA041123A2D69F00D67D10 /* Project object */ = {
			isa = PBXProject;
			attributes = {
				LastSwiftUpdateCheck = 1130;
				LastUpgradeCheck = 1130;
				ORGANIZATIONNAME = rencevio;
				TargetAttributes = {
					94FA041823A2D69F00D67D10 = {
						CreatedOnToolsVersion = 11.3;
					};
					94FA042E23A2D6A100D67D10 = {
						CreatedOnToolsVersion = 11.3;
						TestTargetID = 94FA041823A2D69F00D67D10;
					};
				};
			};
			buildConfigurationList = 94FA041423A2D69F00D67D10 /* Build configuration list for PBXProject "HearthstoneHelper" */;
			compatibilityVersion = "Xcode 9.3";
			developmentRegion = en;
			hasScannedForEncodings = 0;
			knownRegions = (
				en,
				Base,
			);
			mainGroup = 94FA041023A2D69F00D67D10;
			productRefGroup = 94FA041A23A2D69F00D67D10 /* Products */;
			projectDirPath = "";
			projectRoot = "";
			targets = (
				94FA041823A2D69F00D67D10 /* HearthstoneHelper */,
				94FA042E23A2D6A100D67D10 /* HearthstoneHelperTests */,
			);
		};
/* End PBXProject section */

/* Begin PBXResourcesBuildPhase section */
		94FA041723A2D69F00D67D10 /* Resources */ = {
			isa = PBXResourcesBuildPhase;
			buildActionMask = 2147483647;
			files = (
				94FA042923A2D6A100D67D10 /* LaunchScreen.storyboard in Resources */,
				94FA042623A2D6A100D67D10 /* Assets.xcassets in Resources */,
				62DE97FBAD2ED4F3BFFDF464 /* cards.json in Resources */,
			);
			runOnlyForDeploymentPostprocessing = 0;
		};
		94FA042D23A2D6A100D67D10 /* Resources */ = {
			isa = PBXResourcesBuildPhase;
			buildActionMask = 2147483647;
			files = (
			);
			runOnlyForDeploymentPostprocessing = 0;
		};
/* End PBXResourcesBuildPhase section */

/* Begin PBXSourcesBuildPhase section */
		94FA041523A2D69F00D67D10 /* Sources */ = {
			isa = PBXSourcesBuildPhase;
			buildActionMask = 2147483647;
			files = (
				94FA041D23A2D69F00D67D10 /* AppDelegate.swift in Sources */,
				62DE98732D85B8D28A51F3C0 /* CollectionViewController.swift in Sources */,
				62DE949A09F7D8175B841927 /* CollectionModels.swift in Sources */,
				62DE901AA804A4B056536F7D /* RootDependencies.swift in Sources */,
				94423CC023A666480091FA81 /* HttpClient.swift in Sources */,
				62DE9084E013027F267164B4 /* CollectionViewDataSource.swift in Sources */,
				62DE966DE32CF1BC72BCA51F /* CollectionInteractor.swift in Sources */,
				62DE9ED83BE839640F09AF3B /* CollectionPresenter.swift in Sources */,
				62DE9E11F8B83D7A141DAED7 /* CardCellModels.swift in Sources */,
				62DE9F643049CEFDAC20A792 /* Card.swift in Sources */,
				62DE94F2409791B4B780C257 /* CardSets.swift in Sources */,
				62DE9991BC93742181DACED4 /* CollectionService.swift in Sources */,
				62DE9F342280B2B5E33FB55A /* CollectionRetriever.swift in Sources */,
				62DE9B5043367EC1273AFECA /* LocalCollectionRetriever.swift in Sources */,
				62DE96494D2369E79C354611 /* CardCellView.swift in Sources */,
				62DE9611A183B6E774D9B551 /* CollectionFactory.swift in Sources */,
				62DE9C9097076B72322D98E9 /* Displaying.swift in Sources */,
				62DE93771FEA0D926220E215 /* CardCellConfigurator.swift in Sources */,
				62DE93B433E1B48D4A7C8E92 /* CardCellInteractor.swift in Sources */,
				62DE92845B17ADB5DA1A0233 /* CardCellPresenter.swift in Sources */,
				62DE9051540F13A364D209B6 /* CardCellFactory.dart.swift in Sources */,
				62DE9675C3E56A3EDA2E0F4D /* ImageService.swift in Sources */,
				62DE9EB6EFC211750D454246 /* NetworkImageRetriever.swift in Sources */,
				62DE953C1F515F6851FEDB58 /* ImageRetriever.swift in Sources */,
				62DE9854BF5E1EDF2CEEB0BE /* ImageCache.swift in Sources */,
				62DE9549453901FFEE6D1B82 /* Cancelable.swift in Sources */,
				62DE9AF96A475DAE79B11988 /* CollectionServiceFactory.swift in Sources */,
				62DE91F4777EC7D76F71828A /* ImageServiceFactory.swift in Sources */,
			);
			runOnlyForDeploymentPostprocessing = 0;
		};
		94FA042B23A2D6A100D67D10 /* Sources */ = {
			isa = PBXSourcesBuildPhase;
			buildActionMask = 2147483647;
			files = (
				94423CBF23A56EFE0091FA81 /* CardCellInteractorTests.swift in Sources */,
				62DE9F04FBC87D58EE6FA2CB /* LocalCollectionRetrieverTests.swift in Sources */,
				62DE9D9E4876F3C2865BBB56 /* CollectionServiceTests.swift in Sources */,
				62DE9DB052C43810FCA01790 /* MockCardCellPresenter.swift in Sources */,
				62DE9ECC2FC412868B35F575 /* HttpClientTests.swift in Sources */,
				62DE9A4603073D6A01BEE2FD /* ImageServiceTests.swift in Sources */,
				62DE92810EF64F2CA2601BF4 /* MockCancelable.swift in Sources */,
				62DE9C03652E140A22403F8D /* MockCollectionRetriever.swift in Sources */,
				62DE9E0AD1066D4A99B81EA2 /* MockImageCache.swift in Sources */,
				62DE9A3299AB24478C8865EE /* MockImageRetriever.swift in Sources */,
				62DE9C90A087C4EB779B1E95 /* MockImageService.swift in Sources */,
			);
			runOnlyForDeploymentPostprocessing = 0;
		};
/* End PBXSourcesBuildPhase section */

/* Begin PBXTargetDependency section */
		94FA043123A2D6A100D67D10 /* PBXTargetDependency */ = {
			isa = PBXTargetDependency;
			target = 94FA041823A2D69F00D67D10 /* HearthstoneHelper */;
			targetProxy = 94FA043023A2D6A100D67D10 /* PBXContainerItemProxy */;
		};
/* End PBXTargetDependency section */

/* Begin PBXVariantGroup section */
		94FA042723A2D6A100D67D10 /* LaunchScreen.storyboard */ = {
			isa = PBXVariantGroup;
			children = (
				94FA042823A2D6A100D67D10 /* Base */,
			);
			name = LaunchScreen.storyboard;
			sourceTree = "<group>";
		};
/* End PBXVariantGroup section */

/* Begin XCBuildConfiguration section */
		94FA043623A2D6A100D67D10 /* Debug */ = {
			isa = XCBuildConfiguration;
			buildSettings = {
				ALWAYS_SEARCH_USER_PATHS = NO;
				CLANG_ANALYZER_NONNULL = YES;
				CLANG_ANALYZER_NUMBER_OBJECT_CONVERSION = YES_AGGRESSIVE;
				CLANG_CXX_LANGUAGE_STANDARD = "gnu++14";
				CLANG_CXX_LIBRARY = "libc++";
				CLANG_ENABLE_MODULES = YES;
				CLANG_ENABLE_OBJC_ARC = YES;
				CLANG_ENABLE_OBJC_WEAK = YES;
				CLANG_WARN_BLOCK_CAPTURE_AUTORELEASING = YES;
				CLANG_WARN_BOOL_CONVERSION = YES;
				CLANG_WARN_COMMA = YES;
				CLANG_WARN_CONSTANT_CONVERSION = YES;
				CLANG_WARN_DEPRECATED_OBJC_IMPLEMENTATIONS = YES;
				CLANG_WARN_DIRECT_OBJC_ISA_USAGE = YES_ERROR;
				CLANG_WARN_DOCUMENTATION_COMMENTS = YES;
				CLANG_WARN_EMPTY_BODY = YES;
				CLANG_WARN_ENUM_CONVERSION = YES;
				CLANG_WARN_INFINITE_RECURSION = YES;
				CLANG_WARN_INT_CONVERSION = YES;
				CLANG_WARN_NON_LITERAL_NULL_CONVERSION = YES;
				CLANG_WARN_OBJC_IMPLICIT_RETAIN_SELF = YES;
				CLANG_WARN_OBJC_LITERAL_CONVERSION = YES;
				CLANG_WARN_OBJC_ROOT_CLASS = YES_ERROR;
				CLANG_WARN_RANGE_LOOP_ANALYSIS = YES;
				CLANG_WARN_STRICT_PROTOTYPES = YES;
				CLANG_WARN_SUSPICIOUS_MOVE = YES;
				CLANG_WARN_UNGUARDED_AVAILABILITY = YES_AGGRESSIVE;
				CLANG_WARN_UNREACHABLE_CODE = YES;
				CLANG_WARN__DUPLICATE_METHOD_MATCH = YES;
				COPY_PHASE_STRIP = NO;
				DEBUG_INFORMATION_FORMAT = dwarf;
				ENABLE_STRICT_OBJC_MSGSEND = YES;
				ENABLE_TESTABILITY = YES;
				GCC_C_LANGUAGE_STANDARD = gnu11;
				GCC_DYNAMIC_NO_PIC = NO;
				GCC_NO_COMMON_BLOCKS = YES;
				GCC_OPTIMIZATION_LEVEL = 0;
				GCC_PREPROCESSOR_DEFINITIONS = (
					"DEBUG=1",
					"$(inherited)",
				);
				GCC_WARN_64_TO_32_BIT_CONVERSION = YES;
				GCC_WARN_ABOUT_RETURN_TYPE = YES_ERROR;
				GCC_WARN_UNDECLARED_SELECTOR = YES;
				GCC_WARN_UNINITIALIZED_AUTOS = YES_AGGRESSIVE;
				GCC_WARN_UNUSED_FUNCTION = YES;
				GCC_WARN_UNUSED_VARIABLE = YES;
				IPHONEOS_DEPLOYMENT_TARGET = 13.2;
				MTL_ENABLE_DEBUG_INFO = INCLUDE_SOURCE;
				MTL_FAST_MATH = YES;
				ONLY_ACTIVE_ARCH = YES;
				SDKROOT = iphoneos;
				SWIFT_ACTIVE_COMPILATION_CONDITIONS = DEBUG;
				SWIFT_OPTIMIZATION_LEVEL = "-Onone";
			};
			name = Debug;
		};
		94FA043723A2D6A100D67D10 /* Release */ = {
			isa = XCBuildConfiguration;
			buildSettings = {
				ALWAYS_SEARCH_USER_PATHS = NO;
				CLANG_ANALYZER_NONNULL = YES;
				CLANG_ANALYZER_NUMBER_OBJECT_CONVERSION = YES_AGGRESSIVE;
				CLANG_CXX_LANGUAGE_STANDARD = "gnu++14";
				CLANG_CXX_LIBRARY = "libc++";
				CLANG_ENABLE_MODULES = YES;
				CLANG_ENABLE_OBJC_ARC = YES;
				CLANG_ENABLE_OBJC_WEAK = YES;
				CLANG_WARN_BLOCK_CAPTURE_AUTORELEASING = YES;
				CLANG_WARN_BOOL_CONVERSION = YES;
				CLANG_WARN_COMMA = YES;
				CLANG_WARN_CONSTANT_CONVERSION = YES;
				CLANG_WARN_DEPRECATED_OBJC_IMPLEMENTATIONS = YES;
				CLANG_WARN_DIRECT_OBJC_ISA_USAGE = YES_ERROR;
				CLANG_WARN_DOCUMENTATION_COMMENTS = YES;
				CLANG_WARN_EMPTY_BODY = YES;
				CLANG_WARN_ENUM_CONVERSION = YES;
				CLANG_WARN_INFINITE_RECURSION = YES;
				CLANG_WARN_INT_CONVERSION = YES;
				CLANG_WARN_NON_LITERAL_NULL_CONVERSION = YES;
				CLANG_WARN_OBJC_IMPLICIT_RETAIN_SELF = YES;
				CLANG_WARN_OBJC_LITERAL_CONVERSION = YES;
				CLANG_WARN_OBJC_ROOT_CLASS = YES_ERROR;
				CLANG_WARN_RANGE_LOOP_ANALYSIS = YES;
				CLANG_WARN_STRICT_PROTOTYPES = YES;
				CLANG_WARN_SUSPICIOUS_MOVE = YES;
				CLANG_WARN_UNGUARDED_AVAILABILITY = YES_AGGRESSIVE;
				CLANG_WARN_UNREACHABLE_CODE = YES;
				CLANG_WARN__DUPLICATE_METHOD_MATCH = YES;
				COPY_PHASE_STRIP = NO;
				DEBUG_INFORMATION_FORMAT = "dwarf-with-dsym";
				ENABLE_NS_ASSERTIONS = NO;
				ENABLE_STRICT_OBJC_MSGSEND = YES;
				GCC_C_LANGUAGE_STANDARD = gnu11;
				GCC_NO_COMMON_BLOCKS = YES;
				GCC_WARN_64_TO_32_BIT_CONVERSION = YES;
				GCC_WARN_ABOUT_RETURN_TYPE = YES_ERROR;
				GCC_WARN_UNDECLARED_SELECTOR = YES;
				GCC_WARN_UNINITIALIZED_AUTOS = YES_AGGRESSIVE;
				GCC_WARN_UNUSED_FUNCTION = YES;
				GCC_WARN_UNUSED_VARIABLE = YES;
				IPHONEOS_DEPLOYMENT_TARGET = 13.2;
				MTL_ENABLE_DEBUG_INFO = NO;
				MTL_FAST_MATH = YES;
				SDKROOT = iphoneos;
				SWIFT_COMPILATION_MODE = wholemodule;
				SWIFT_OPTIMIZATION_LEVEL = "-O";
				VALIDATE_PRODUCT = YES;
			};
			name = Release;
		};
		94FA043923A2D6A100D67D10 /* Debug */ = {
			isa = XCBuildConfiguration;
			buildSettings = {
				ASSETCATALOG_COMPILER_APPICON_NAME = AppIcon;
				CODE_SIGN_STYLE = Automatic;
				DEVELOPMENT_TEAM = 9457UBK9S3;
				INFOPLIST_FILE = HearthstoneHelper/Resources/Info.plist;
				LD_RUNPATH_SEARCH_PATHS = (
					"$(inherited)",
					"@executable_path/Frameworks",
				);
				PRODUCT_BUNDLE_IDENTIFIER = com.HearthstoneHelper;
				PRODUCT_NAME = "$(TARGET_NAME)";
				SWIFT_VERSION = 5.0;
				TARGETED_DEVICE_FAMILY = "1,2";
			};
			name = Debug;
		};
		94FA043A23A2D6A100D67D10 /* Release */ = {
			isa = XCBuildConfiguration;
			buildSettings = {
				ASSETCATALOG_COMPILER_APPICON_NAME = AppIcon;
				CODE_SIGN_STYLE = Automatic;
				DEVELOPMENT_TEAM = 9457UBK9S3;
				INFOPLIST_FILE = HearthstoneHelper/Resources/Info.plist;
				LD_RUNPATH_SEARCH_PATHS = (
					"$(inherited)",
					"@executable_path/Frameworks",
				);
				PRODUCT_BUNDLE_IDENTIFIER = com.HearthstoneHelper;
				PRODUCT_NAME = "$(TARGET_NAME)";
				SWIFT_VERSION = 5.0;
				TARGETED_DEVICE_FAMILY = "1,2";
			};
			name = Release;
		};
		94FA043C23A2D6A100D67D10 /* Debug */ = {
			isa = XCBuildConfiguration;
			buildSettings = {
				ALWAYS_EMBED_SWIFT_STANDARD_LIBRARIES = YES;
				BUNDLE_LOADER = "$(TEST_HOST)";
				CODE_SIGN_STYLE = Automatic;
				DEVELOPMENT_TEAM = 9457UBK9S3;
				INFOPLIST_FILE = HearthstoneHelperTests/Info.plist;
				IPHONEOS_DEPLOYMENT_TARGET = 13.2;
				LD_RUNPATH_SEARCH_PATHS = (
					"$(inherited)",
					"@executable_path/Frameworks",
					"@loader_path/Frameworks",
				);
				PRODUCT_BUNDLE_IDENTIFIER = com.HearthstoneHelperTests;
				PRODUCT_NAME = "$(TARGET_NAME)";
				SWIFT_VERSION = 5.0;
				TARGETED_DEVICE_FAMILY = "1,2";
				TEST_HOST = "$(BUILT_PRODUCTS_DIR)/HearthstoneHelper.app/HearthstoneHelper";
			};
			name = Debug;
		};
		94FA043D23A2D6A100D67D10 /* Release */ = {
			isa = XCBuildConfiguration;
			buildSettings = {
				ALWAYS_EMBED_SWIFT_STANDARD_LIBRARIES = YES;
				BUNDLE_LOADER = "$(TEST_HOST)";
				CODE_SIGN_STYLE = Automatic;
				DEVELOPMENT_TEAM = 9457UBK9S3;
				INFOPLIST_FILE = HearthstoneHelperTests/Info.plist;
				IPHONEOS_DEPLOYMENT_TARGET = 13.2;
				LD_RUNPATH_SEARCH_PATHS = (
					"$(inherited)",
					"@executable_path/Frameworks",
					"@loader_path/Frameworks",
				);
				PRODUCT_BUNDLE_IDENTIFIER = com.HearthstoneHelperTests;
				PRODUCT_NAME = "$(TARGET_NAME)";
				SWIFT_VERSION = 5.0;
				TARGETED_DEVICE_FAMILY = "1,2";
				TEST_HOST = "$(BUILT_PRODUCTS_DIR)/HearthstoneHelper.app/HearthstoneHelper";
			};
			name = Release;
		};
/* End XCBuildConfiguration section */

/* Begin XCConfigurationList section */
		94FA041423A2D69F00D67D10 /* Build configuration list for PBXProject "HearthstoneHelper" */ = {
			isa = XCConfigurationList;
			buildConfigurations = (
				94FA043623A2D6A100D67D10 /* Debug */,
				94FA043723A2D6A100D67D10 /* Release */,
			);
			defaultConfigurationIsVisible = 0;
			defaultConfigurationName = Release;
		};
		94FA043823A2D6A100D67D10 /* Build configuration list for PBXNativeTarget "HearthstoneHelper" */ = {
			isa = XCConfigurationList;
			buildConfigurations = (
				94FA043923A2D6A100D67D10 /* Debug */,
				94FA043A23A2D6A100D67D10 /* Release */,
			);
			defaultConfigurationIsVisible = 0;
			defaultConfigurationName = Release;
		};
		94FA043B23A2D6A100D67D10 /* Build configuration list for PBXNativeTarget "HearthstoneHelperTests" */ = {
			isa = XCConfigurationList;
			buildConfigurations = (
				94FA043C23A2D6A100D67D10 /* Debug */,
				94FA043D23A2D6A100D67D10 /* Release */,
			);
			defaultConfigurationIsVisible = 0;
			defaultConfigurationName = Release;
		};
/* End XCConfigurationList section */
	};
	rootObject = 94FA041123A2D69F00D67D10 /* Project object */;
}
